
Microsoft Visual Studio Solution File, Format Version 12.00
# Visual Studio Version 16
VisualStudioVersion = 16.0.30621.155
MinimumVisualStudioVersion = 10.0.40219.1
Project("{9A19103F-16F7-4668-BE54-9A1E7A4F7556}") = "Buurt interactie-app Semester3 WDPR", "Buurt interactie-app Semester3 WDPR.csproj", "{A0C81EDA-2EBC-4554-98C9-F04448EF22E5}"
EndProject
Global
	GlobalSection(SolutionConfigurationPlatforms) = preSolution
		Debug|Any CPU = Debug|Any CPU
		Release|Any CPU = Release|Any CPU
	EndGlobalSection
	GlobalSection(ProjectConfigurationPlatforms) = postSolution
		{A0C81EDA-2EBC-4554-98C9-F04448EF22E5}.Debug|Any CPU.ActiveCfg = Debug|Any CPU
		{A0C81EDA-2EBC-4554-98C9-F04448EF22E5}.Debug|Any CPU.Build.0 = Debug|Any CPU
		{A0C81EDA-2EBC-4554-98C9-F04448EF22E5}.Release|Any CPU.ActiveCfg = Release|Any CPU
		{A0C81EDA-2EBC-4554-98C9-F04448EF22E5}.Release|Any CPU.Build.0 = Release|Any CPU
	EndGlobalSection
	GlobalSection(SolutionProperties) = preSolution
		HideSolutionNode = FALSE
	EndGlobalSection
	GlobalSection(ExtensibilityGlobals) = postSolution
		SolutionGuid = {79D938AE-2E24-441B-83CE-158339AF0D8B}
	EndGlobalSection
EndGlobal
